
Microsoft Visual Studio Solution File, Format Version 12.00
# Visual Studio 14
VisualStudioVersion = 14.0.25420.1
MinimumVisualStudioVersion = 10.0.40219.1
Project("{2150E333-8FDC-42A3-9474-1A3956D46DE8}") = "src", "src", "{FA44A5F6-37E6-44FD-8451-25F4FA74437F}"
EndProject
Project("{2150E333-8FDC-42A3-9474-1A3956D46DE8}") = "Solution Items", "Solution Items", "{107CA406-965F-4967-9014-2DB01ABA93B4}"
	ProjectSection(SolutionItems) = preProject
		global.json = global.json
	EndProjectSection
EndProject
Project("{8BB2217D-0F2D-49D1-97BC-3654ED321F3B}") = "TechReady2016", "src\TechReady2016\TechReady2016.xproj", "{C190C4CB-E217-458A-9BD0-5F875B218062}"
EndProject
Global
	GlobalSection(SolutionConfigurationPlatforms) = preSolution
		Debug|Any CPU = Debug|Any CPU
		Release|Any CPU = Release|Any CPU
	EndGlobalSection
	GlobalSection(ProjectConfigurationPlatforms) = postSolution
		{C190C4CB-E217-458A-9BD0-5F875B218062}.Debug|Any CPU.ActiveCfg = Debug|Any CPU
		{C190C4CB-E217-458A-9BD0-5F875B218062}.Debug|Any CPU.Build.0 = Debug|Any CPU
		{C190C4CB-E217-458A-9BD0-5F875B218062}.Release|Any CPU.ActiveCfg = Release|Any CPU
		{C190C4CB-E217-458A-9BD0-5F875B218062}.Release|Any CPU.Build.0 = Release|Any CPU
	EndGlobalSection
	GlobalSection(SolutionProperties) = preSolution
		HideSolutionNode = FALSE
	EndGlobalSection
	GlobalSection(NestedProjects) = preSolution
		{C190C4CB-E217-458A-9BD0-5F875B218062} = {FA44A5F6-37E6-44FD-8451-25F4FA74437F}
	EndGlobalSection
EndGlobal
